// !$*UTF8*$!
{
	archiveVersion = 1;
	classes = {
	};
	objectVersion = 46;
	objects = {

/* Begin PBXBuildFile section */
		4B4BBE6F1E30AC5B0044BCA8 /* httpbin.org.cer in Resources */ = {isa = PBXBuildFile; fileRef = 4B4BBE6D1E30A7CC0044BCA8 /* httpbin.org.cer */; };
		4B92A5241E10C6430093EBD8 /* XMTestCase.m in Sources */ = {isa = PBXBuildFile; fileRef = 4B92A5231E10C6430093EBD8 /* XMTestCase.m */; };
		4B92A5261E10E5720093EBD8 /* XMNormalRequestTests.m in Sources */ = {isa = PBXBuildFile; fileRef = 4B92A5251E10E5720093EBD8 /* XMNormalRequestTests.m */; };
		4B92A5281E1214E80093EBD8 /* XMUploadRequestTests.m in Sources */ = {isa = PBXBuildFile; fileRef = 4B92A5271E1214E80093EBD8 /* XMUploadRequestTests.m */; };
		4B92A52A1E12163C0093EBD8 /* testImage.jpg in Resources */ = {isa = PBXBuildFile; fileRef = 4B92A5291E12163C0093EBD8 /* testImage.jpg */; };
		4B92A52C1E1237BF0093EBD8 /* XMDownloadRequestTests.m in Sources */ = {isa = PBXBuildFile; fileRef = 4B92A52B1E1237BF0093EBD8 /* XMDownloadRequestTests.m */; };
		4B92A52E1E123C5E0093EBD8 /* XMBatchRequestTests.m in Sources */ = {isa = PBXBuildFile; fileRef = 4B92A52D1E123C5E0093EBD8 /* XMBatchRequestTests.m */; };
		4B92A5301E123C800093EBD8 /* XMChainRequestTests.m in Sources */ = {isa = PBXBuildFile; fileRef = 4B92A52F1E123C800093EBD8 /* XMChainRequestTests.m */; };
		4B92A5321E123CC10093EBD8 /* XMCenterTests.m in Sources */ = {isa = PBXBuildFile; fileRef = 4B92A5311E123CC10093EBD8 /* XMCenterTests.m */; };
		4BF800CF1DFED15C00999C54 /* main.m in Sources */ = {isa = PBXBuildFile; fileRef = 4BF800CE1DFED15C00999C54 /* main.m */; };
		4BF800D21DFED15C00999C54 /* AppDelegate.m in Sources */ = {isa = PBXBuildFile; fileRef = 4BF800D11DFED15C00999C54 /* AppDelegate.m */; };
		4BF800D51DFED15C00999C54 /* ViewController.m in Sources */ = {isa = PBXBuildFile; fileRef = 4BF800D41DFED15C00999C54 /* ViewController.m */; };
		4BF800D81DFED15C00999C54 /* Main.storyboard in Resources */ = {isa = PBXBuildFile; fileRef = 4BF800D61DFED15C00999C54 /* Main.storyboard */; };
		4BF800DA1DFED15C00999C54 /* Assets.xcassets in Resources */ = {isa = PBXBuildFile; fileRef = 4BF800D91DFED15C00999C54 /* Assets.xcassets */; };
		4BF800DD1DFED15C00999C54 /* LaunchScreen.storyboard in Resources */ = {isa = PBXBuildFile; fileRef = 4BF800DB1DFED15C00999C54 /* LaunchScreen.storyboard */; };
		4BF801051DFED2F200999C54 /* AFHTTPSessionManager.m in Sources */ = {isa = PBXBuildFile; fileRef = 4BF800F71DFED2F200999C54 /* AFHTTPSessionManager.m */; };
		4BF801061DFED2F200999C54 /* AFNetworkActivityIndicatorManager.m in Sources */ = {isa = PBXBuildFile; fileRef = 4BF800F91DFED2F200999C54 /* AFNetworkActivityIndicatorManager.m */; };
		4BF801071DFED2F200999C54 /* AFNetworkReachabilityManager.m in Sources */ = {isa = PBXBuildFile; fileRef = 4BF800FC1DFED2F200999C54 /* AFNetworkReachabilityManager.m */; };
		4BF801081DFED2F200999C54 /* AFSecurityPolicy.m in Sources */ = {isa = PBXBuildFile; fileRef = 4BF800FE1DFED2F200999C54 /* AFSecurityPolicy.m */; };
		4BF801091DFED2F200999C54 /* AFURLRequestSerialization.m in Sources */ = {isa = PBXBuildFile; fileRef = 4BF801001DFED2F200999C54 /* AFURLRequestSerialization.m */; };
		4BF8010A1DFED2F200999C54 /* AFURLResponseSerialization.m in Sources */ = {isa = PBXBuildFile; fileRef = 4BF801021DFED2F200999C54 /* AFURLResponseSerialization.m */; };
		4BF8010B1DFED2F200999C54 /* AFURLSessionManager.m in Sources */ = {isa = PBXBuildFile; fileRef = 4BF801041DFED2F200999C54 /* AFURLSessionManager.m */; };
		4BF801101DFED40000999C54 /* XMRequest.m in Sources */ = {isa = PBXBuildFile; fileRef = 4BF8010F1DFED40000999C54 /* XMRequest.m */; };
		4BF801131DFED44300999C54 /* XMCenter.m in Sources */ = {isa = PBXBuildFile; fileRef = 4BF801121DFED44300999C54 /* XMCenter.m */; };
		4BF801161DFED49500999C54 /* XMEngine.m in Sources */ = {isa = PBXBuildFile; fileRef = 4BF801151DFED49500999C54 /* XMEngine.m */; };
/* End PBXBuildFile section */

/* Begin PBXContainerItemProxy section */
		4BF800E41DFED15C00999C54 /* PBXContainerItemProxy */ = {
			isa = PBXContainerItemProxy;
			containerPortal = 4BF800C21DFED15C00999C54 /* Project object */;
			proxyType = 1;
			remoteGlobalIDString = 4BF800C91DFED15C00999C54;
			remoteInfo = XMNetworkingDemo;
		};
/* End PBXContainerItemProxy section */

/* Begin PBXFileReference section */
		4B4BBE6D1E30A7CC0044BCA8 /* httpbin.org.cer */ = {isa = PBXFileReference; lastKnownFileType = file; path = httpbin.org.cer; sourceTree = "<group>"; };
		4B92A5221E10C6430093EBD8 /* XMTestCase.h */ = {isa = PBXFileReference; fileEncoding = 4; lastKnownFileType = sourcecode.c.h; path = XMTestCase.h; sourceTree = "<group>"; };
		4B92A5231E10C6430093EBD8 /* XMTestCase.m */ = {isa = PBXFileReference; fileEncoding = 4; lastKnownFileType = sourcecode.c.objc; path = XMTestCase.m; sourceTree = "<group>"; };
		4B92A5251E10E5720093EBD8 /* XMNormalRequestTests.m */ = {isa = PBXFileReference; fileEncoding = 4; lastKnownFileType = sourcecode.c.objc; path = XMNormalRequestTests.m; sourceTree = "<group>"; };
		4B92A5271E1214E80093EBD8 /* XMUploadRequestTests.m */ = {isa = PBXFileReference; fileEncoding = 4; lastKnownFileType = sourcecode.c.objc; path = XMUploadRequestTests.m; sourceTree = "<group>"; };
		4B92A5291E12163C0093EBD8 /* testImage.jpg */ = {isa = PBXFileReference; lastKnownFileType = image.jpeg; path = testImage.jpg; sourceTree = "<group>"; };
		4B92A52B1E1237BF0093EBD8 /* XMDownloadRequestTests.m */ = {isa = PBXFileReference; fileEncoding = 4; lastKnownFileType = sourcecode.c.objc; path = XMDownloadRequestTests.m; sourceTree = "<group>"; };
		4B92A52D1E123C5E0093EBD8 /* XMBatchRequestTests.m */ = {isa = PBXFileReference; fileEncoding = 4; lastKnownFileType = sourcecode.c.objc; path = XMBatchRequestTests.m; sourceTree = "<group>"; };
		4B92A52F1E123C800093EBD8 /* XMChainRequestTests.m */ = {isa = PBXFileReference; fileEncoding = 4; lastKnownFileType = sourcecode.c.objc; path = XMChainRequestTests.m; sourceTree = "<group>"; };
		4B92A5311E123CC10093EBD8 /* XMCenterTests.m */ = {isa = PBXFileReference; fileEncoding = 4; lastKnownFileType = sourcecode.c.objc; path = XMCenterTests.m; sourceTree = "<group>"; };
		4BF800CA1DFED15C00999C54 /* XMNetworkingDemo.app */ = {isa = PBXFileReference; explicitFileType = wrapper.application; includeInIndex = 0; path = XMNetworkingDemo.app; sourceTree = BUILT_PRODUCTS_DIR; };
		4BF800CE1DFED15C00999C54 /* main.m */ = {isa = PBXFileReference; lastKnownFileType = sourcecode.c.objc; path = main.m; sourceTree = "<group>"; };
		4BF800D01DFED15C00999C54 /* AppDelegate.h */ = {isa = PBXFileReference; lastKnownFileType = sourcecode.c.h; path = AppDelegate.h; sourceTree = "<group>"; };
		4BF800D11DFED15C00999C54 /* AppDelegate.m */ = {isa = PBXFileReference; lastKnownFileType = sourcecode.c.objc; path = AppDelegate.m; sourceTree = "<group>"; };
		4BF800D31DFED15C00999C54 /* ViewController.h */ = {isa = PBXFileReference; lastKnownFileType = sourcecode.c.h; path = ViewController.h; sourceTree = "<group>"; };
		4BF800D41DFED15C00999C54 /* ViewController.m */ = {isa = PBXFileReference; lastKnownFileType = sourcecode.c.objc; path = ViewController.m; sourceTree = "<group>"; };
		4BF800D71DFED15C00999C54 /* Base */ = {isa = PBXFileReference; lastKnownFileType = file.storyboard; name = Base; path = Base.lproj/Main.storyboard; sourceTree = "<group>"; };
		4BF800D91DFED15C00999C54 /* Assets.xcassets */ = {isa = PBXFileReference; lastKnownFileType = folder.assetcatalog; path = Assets.xcassets; sourceTree = "<group>"; };
		4BF800DC1DFED15C00999C54 /* Base */ = {isa = PBXFileReference; lastKnownFileType = file.storyboard; name = Base; path = Base.lproj/LaunchScreen.storyboard; sourceTree = "<group>"; };
		4BF800DE1DFED15C00999C54 /* Info.plist */ = {isa = PBXFileReference; lastKnownFileType = text.plist.xml; path = Info.plist; sourceTree = "<group>"; };
		4BF800E31DFED15C00999C54 /* XMNetworkingDemoTests.xctest */ = {isa = PBXFileReference; explicitFileType = wrapper.cfbundle; includeInIndex = 0; path = XMNetworkingDemoTests.xctest; sourceTree = BUILT_PRODUCTS_DIR; };
		4BF800E91DFED15C00999C54 /* Info.plist */ = {isa = PBXFileReference; lastKnownFileType = text.plist.xml; path = Info.plist; sourceTree = "<group>"; };
		4BF800F61DFED2F200999C54 /* AFHTTPSessionManager.h */ = {isa = PBXFileReference; fileEncoding = 4; lastKnownFileType = sourcecode.c.h; path = AFHTTPSessionManager.h; sourceTree = "<group>"; };
		4BF800F71DFED2F200999C54 /* AFHTTPSessionManager.m */ = {isa = PBXFileReference; fileEncoding = 4; lastKnownFileType = sourcecode.c.objc; path = AFHTTPSessionManager.m; sourceTree = "<group>"; };
		4BF800F81DFED2F200999C54 /* AFNetworkActivityIndicatorManager.h */ = {isa = PBXFileReference; fileEncoding = 4; lastKnownFileType = sourcecode.c.h; path = AFNetworkActivityIndicatorManager.h; sourceTree = "<group>"; };
		4BF800F91DFED2F200999C54 /* AFNetworkActivityIndicatorManager.m */ = {isa = PBXFileReference; fileEncoding = 4; lastKnownFileType = sourcecode.c.objc; path = AFNetworkActivityIndicatorManager.m; sourceTree = "<group>"; };
		4BF800FA1DFED2F200999C54 /* AFNetworking.h */ = {isa = PBXFileReference; fileEncoding = 4; lastKnownFileType = sourcecode.c.h; path = AFNetworking.h; sourceTree = "<group>"; };
		4BF800FB1DFED2F200999C54 /* AFNetworkReachabilityManager.h */ = {isa = PBXFileReference; fileEncoding = 4; lastKnownFileType = sourcecode.c.h; path = AFNetworkReachabilityManager.h; sourceTree = "<group>"; };
		4BF800FC1DFED2F200999C54 /* AFNetworkReachabilityManager.m */ = {isa = PBXFileReference; fileEncoding = 4; lastKnownFileType = sourcecode.c.objc; path = AFNetworkReachabilityManager.m; sourceTree = "<group>"; };
		4BF800FD1DFED2F200999C54 /* AFSecurityPolicy.h */ = {isa = PBXFileReference; fileEncoding = 4; lastKnownFileType = sourcecode.c.h; path = AFSecurityPolicy.h; sourceTree = "<group>"; };
		4BF800FE1DFED2F200999C54 /* AFSecurityPolicy.m */ = {isa = PBXFileReference; fileEncoding = 4; lastKnownFileType = sourcecode.c.objc; path = AFSecurityPolicy.m; sourceTree = "<group>"; };
		4BF800FF1DFED2F200999C54 /* AFURLRequestSerialization.h */ = {isa = PBXFileReference; fileEncoding = 4; lastKnownFileType = sourcecode.c.h; path = AFURLRequestSerialization.h; sourceTree = "<group>"; };
		4BF801001DFED2F200999C54 /* AFURLRequestSerialization.m */ = {isa = PBXFileReference; fileEncoding = 4; lastKnownFileType = sourcecode.c.objc; path = AFURLRequestSerialization.m; sourceTree = "<group>"; };
		4BF801011DFED2F200999C54 /* AFURLResponseSerialization.h */ = {isa = PBXFileReference; fileEncoding = 4; lastKnownFileType = sourcecode.c.h; path = AFURLResponseSerialization.h; sourceTree = "<group>"; };
		4BF801021DFED2F200999C54 /* AFURLResponseSerialization.m */ = {isa = PBXFileReference; fileEncoding = 4; lastKnownFileType = sourcecode.c.objc; path = AFURLResponseSerialization.m; sourceTree = "<group>"; };
		4BF801031DFED2F200999C54 /* AFURLSessionManager.h */ = {isa = PBXFileReference; fileEncoding = 4; lastKnownFileType = sourcecode.c.h; path = AFURLSessionManager.h; sourceTree = "<group>"; };
		4BF801041DFED2F200999C54 /* AFURLSessionManager.m */ = {isa = PBXFileReference; fileEncoding = 4; lastKnownFileType = sourcecode.c.objc; path = AFURLSessionManager.m; sourceTree = "<group>"; };
		4BF8010C1DFED35800999C54 /* XMNetworking.h */ = {isa = PBXFileReference; lastKnownFileType = sourcecode.c.h; path = XMNetworking.h; sourceTree = "<group>"; };
		4BF8010D1DFED3A800999C54 /* XMConst.h */ = {isa = PBXFileReference; lastKnownFileType = sourcecode.c.h; path = XMConst.h; sourceTree = "<group>"; };
		4BF8010E1DFED40000999C54 /* XMRequest.h */ = {isa = PBXFileReference; fileEncoding = 4; lastKnownFileType = sourcecode.c.h; path = XMRequest.h; sourceTree = "<group>"; };
		4BF8010F1DFED40000999C54 /* XMRequest.m */ = {isa = PBXFileReference; fileEncoding = 4; lastKnownFileType = sourcecode.c.objc; path = XMRequest.m; sourceTree = "<group>"; };
		4BF801111DFED44300999C54 /* XMCenter.h */ = {isa = PBXFileReference; fileEncoding = 4; lastKnownFileType = sourcecode.c.h; path = XMCenter.h; sourceTree = "<group>"; };
		4BF801121DFED44300999C54 /* XMCenter.m */ = {isa = PBXFileReference; fileEncoding = 4; lastKnownFileType = sourcecode.c.objc; path = XMCenter.m; sourceTree = "<group>"; };
		4BF801141DFED49500999C54 /* XMEngine.h */ = {isa = PBXFileReference; fileEncoding = 4; lastKnownFileType = sourcecode.c.h; path = XMEngine.h; sourceTree = "<group>"; };
		4BF801151DFED49500999C54 /* XMEngine.m */ = {isa = PBXFileReference; fileEncoding = 4; lastKnownFileType = sourcecode.c.objc; path = XMEngine.m; sourceTree = "<group>"; };
/* End PBXFileReference section */

/* Begin PBXFrameworksBuildPhase section */
		4BF800C71DFED15C00999C54 /* Frameworks */ = {
			isa = PBXFrameworksBuildPhase;
			buildActionMask = 2147483647;
			files = (
			);
			runOnlyForDeploymentPostprocessing = 0;
		};
		4BF800E01DFED15C00999C54 /* Frameworks */ = {
			isa = PBXFrameworksBuildPhase;
			buildActionMask = 2147483647;
			files = (
			);
			runOnlyForDeploymentPostprocessing = 0;
		};
/* End PBXFrameworksBuildPhase section */

/* Begin PBXGroup section */
		4BF800C11DFED15C00999C54 = {
			isa = PBXGroup;
			children = (
				4BF800F21DFED2F200999C54 /* XMNetworking */,
				4BF800CC1DFED15C00999C54 /* XMNetworkingDemo */,
				4BF800E61DFED15C00999C54 /* XMNetworkingDemoTests */,
				4BF800CB1DFED15C00999C54 /* Products */,
			);
			sourceTree = "<group>";
		};
		4BF800CB1DFED15C00999C54 /* Products */ = {
			isa = PBXGroup;
			children = (
				4BF800CA1DFED15C00999C54 /* XMNetworkingDemo.app */,
				4BF800E31DFED15C00999C54 /* XMNetworkingDemoTests.xctest */,
			);
			name = Products;
			sourceTree = "<group>";
		};
		4BF800CC1DFED15C00999C54 /* XMNetworkingDemo */ = {
			isa = PBXGroup;
			children = (
				4BF800D01DFED15C00999C54 /* AppDelegate.h */,
				4BF800D11DFED15C00999C54 /* AppDelegate.m */,
				4BF800D31DFED15C00999C54 /* ViewController.h */,
				4BF800D41DFED15C00999C54 /* ViewController.m */,
				4BF800CD1DFED15C00999C54 /* Supporting Files */,
			);
			path = XMNetworkingDemo;
			sourceTree = "<group>";
		};
		4BF800CD1DFED15C00999C54 /* Supporting Files */ = {
			isa = PBXGroup;
			children = (
				4BF800CE1DFED15C00999C54 /* main.m */,
				4BF800DE1DFED15C00999C54 /* Info.plist */,
				4BF800D91DFED15C00999C54 /* Assets.xcassets */,
				4BF800D61DFED15C00999C54 /* Main.storyboard */,
				4BF800DB1DFED15C00999C54 /* LaunchScreen.storyboard */,
			);
			name = "Supporting Files";
			sourceTree = "<group>";
		};
		4BF800E61DFED15C00999C54 /* XMNetworkingDemoTests */ = {
			isa = PBXGroup;
			children = (
				4BF800E91DFED15C00999C54 /* Info.plist */,
				4B92A5291E12163C0093EBD8 /* testImage.jpg */,
				4B4BBE6D1E30A7CC0044BCA8 /* httpbin.org.cer */,
				4B92A5221E10C6430093EBD8 /* XMTestCase.h */,
				4B92A5231E10C6430093EBD8 /* XMTestCase.m */,
				4B92A5251E10E5720093EBD8 /* XMNormalRequestTests.m */,
				4B92A5271E1214E80093EBD8 /* XMUploadRequestTests.m */,
				4B92A52B1E1237BF0093EBD8 /* XMDownloadRequestTests.m */,
				4B92A52D1E123C5E0093EBD8 /* XMBatchRequestTests.m */,
				4B92A52F1E123C800093EBD8 /* XMChainRequestTests.m */,
				4B92A5311E123CC10093EBD8 /* XMCenterTests.m */,
			);
			path = XMNetworkingDemoTests;
			sourceTree = "<group>";
		};
		4BF800F21DFED2F200999C54 /* XMNetworking */ = {
			isa = PBXGroup;
			children = (
				4BF8010C1DFED35800999C54 /* XMNetworking.h */,
				4BF800F31DFED2F200999C54 /* Core */,
				4BF800F41DFED2F200999C54 /* Lib */,
			);
			path = XMNetworking;
			sourceTree = "<group>";
		};
		4BF800F31DFED2F200999C54 /* Core */ = {
			isa = PBXGroup;
			children = (
				4BF8010D1DFED3A800999C54 /* XMConst.h */,
				4BF8010E1DFED40000999C54 /* XMRequest.h */,
				4BF8010F1DFED40000999C54 /* XMRequest.m */,
				4BF801111DFED44300999C54 /* XMCenter.h */,
				4BF801121DFED44300999C54 /* XMCenter.m */,
				4BF801141DFED49500999C54 /* XMEngine.h */,
				4BF801151DFED49500999C54 /* XMEngine.m */,
			);
			path = Core;
			sourceTree = "<group>";
		};
		4BF800F41DFED2F200999C54 /* Lib */ = {
			isa = PBXGroup;
			children = (
				4BF800F51DFED2F200999C54 /* AFNetworking-3.1.0 */,
			);
			path = Lib;
			sourceTree = "<group>";
		};
		4BF800F51DFED2F200999C54 /* AFNetworking-3.1.0 */ = {
			isa = PBXGroup;
			children = (
				4BF800FA1DFED2F200999C54 /* AFNetworking.h */,
				4BF801031DFED2F200999C54 /* AFURLSessionManager.h */,
				4BF801041DFED2F200999C54 /* AFURLSessionManager.m */,
				4BF800F61DFED2F200999C54 /* AFHTTPSessionManager.h */,
				4BF800F71DFED2F200999C54 /* AFHTTPSessionManager.m */,
				4BF800FF1DFED2F200999C54 /* AFURLRequestSerialization.h */,
				4BF801001DFED2F200999C54 /* AFURLRequestSerialization.m */,
				4BF801011DFED2F200999C54 /* AFURLResponseSerialization.h */,
				4BF801021DFED2F200999C54 /* AFURLResponseSerialization.m */,
				4BF800FD1DFED2F200999C54 /* AFSecurityPolicy.h */,
				4BF800FE1DFED2F200999C54 /* AFSecurityPolicy.m */,
				4BF800FB1DFED2F200999C54 /* AFNetworkReachabilityManager.h */,
				4BF800FC1DFED2F200999C54 /* AFNetworkReachabilityManager.m */,
				4BF800F81DFED2F200999C54 /* AFNetworkActivityIndicatorManager.h */,
				4BF800F91DFED2F200999C54 /* AFNetworkActivityIndicatorManager.m */,
			);
			path = "AFNetworking-3.1.0";
			sourceTree = "<group>";
		};
/* End PBXGroup section */

/* Begin PBXNativeTarget section */
		4BF800C91DFED15C00999C54 /* XMNetworkingDemo */ = {
			isa = PBXNativeTarget;
			buildConfigurationList = 4BF800EC1DFED15C00999C54 /* Build configuration list for PBXNativeTarget "XMNetworkingDemo" */;
			buildPhases = (
				4BF800C61DFED15C00999C54 /* Sources */,
				4BF800C71DFED15C00999C54 /* Frameworks */,
				4BF800C81DFED15C00999C54 /* Resources */,
			);
			buildRules = (
			);
			dependencies = (
			);
			name = XMNetworkingDemo;
			productName = XMNetworkingDemo;
			productReference = 4BF800CA1DFED15C00999C54 /* XMNetworkingDemo.app */;
			productType = "com.apple.product-type.application";
		};
		4BF800E21DFED15C00999C54 /* XMNetworkingDemoTests */ = {
			isa = PBXNativeTarget;
			buildConfigurationList = 4BF800EF1DFED15C00999C54 /* Build configuration list for PBXNativeTarget "XMNetworkingDemoTests" */;
			buildPhases = (
				4BF800DF1DFED15C00999C54 /* Sources */,
				4BF800E01DFED15C00999C54 /* Frameworks */,
				4BF800E11DFED15C00999C54 /* Resources */,
			);
			buildRules = (
			);
			dependencies = (
				4BF800E51DFED15C00999C54 /* PBXTargetDependency */,
			);
			name = XMNetworkingDemoTests;
			productName = XMNetworkingDemoTests;
			productReference = 4BF800E31DFED15C00999C54 /* XMNetworkingDemoTests.xctest */;
			productType = "com.apple.product-type.bundle.unit-test";
		};
/* End PBXNativeTarget section */

/* Begin PBXProject section */
		4BF800C21DFED15C00999C54 /* Project object */ = {
			isa = PBXProject;
			attributes = {
				LastUpgradeCheck = 0810;
				ORGANIZATIONNAME = XMNetworking;
				TargetAttributes = {
					4BF800C91DFED15C00999C54 = {
						CreatedOnToolsVersion = 8.1;
						ProvisioningStyle = Manual;
					};
					4BF800E21DFED15C00999C54 = {
						CreatedOnToolsVersion = 8.1;
						ProvisioningStyle = Automatic;
						TestTargetID = 4BF800C91DFED15C00999C54;
					};
				};
			};
			buildConfigurationList = 4BF800C51DFED15C00999C54 /* Build configuration list for PBXProject "XMNetworkingDemo" */;
			compatibilityVersion = "Xcode 3.2";
			developmentRegion = English;
			hasScannedForEncodings = 0;
			knownRegions = (
				en,
				Base,
			);
			mainGroup = 4BF800C11DFED15C00999C54;
			productRefGroup = 4BF800CB1DFED15C00999C54 /* Products */;
			projectDirPath = "";
			projectRoot = "";
			targets = (
				4BF800C91DFED15C00999C54 /* XMNetworkingDemo */,
				4BF800E21DFED15C00999C54 /* XMNetworkingDemoTests */,
			);
		};
/* End PBXProject section */

/* Begin PBXResourcesBuildPhase section */
		4BF800C81DFED15C00999C54 /* Resources */ = {
			isa = PBXResourcesBuildPhase;
			buildActionMask = 2147483647;
			files = (
				4BF800DD1DFED15C00999C54 /* LaunchScreen.storyboard in Resources */,
				4BF800DA1DFED15C00999C54 /* Assets.xcassets in Resources */,
				4BF800D81DFED15C00999C54 /* Main.storyboard in Resources */,
			);
			runOnlyForDeploymentPostprocessing = 0;
		};
		4BF800E11DFED15C00999C54 /* Resources */ = {
			isa = PBXResourcesBuildPhase;
			buildActionMask = 2147483647;
			files = (
				4B4BBE6F1E30AC5B0044BCA8 /* httpbin.org.cer in Resources */,
				4B92A52A1E12163C0093EBD8 /* testImage.jpg in Resources */,
			);
			runOnlyForDeploymentPostprocessing = 0;
		};
/* End PBXResourcesBuildPhase section */

/* Begin PBXSourcesBuildPhase section */
		4BF800C61DFED15C00999C54 /* Sources */ = {
			isa = PBXSourcesBuildPhase;
			buildActionMask = 2147483647;
			files = (
				4BF801101DFED40000999C54 /* XMRequest.m in Sources */,
				4BF801081DFED2F200999C54 /* AFSecurityPolicy.m in Sources */,
				4BF8010A1DFED2F200999C54 /* AFURLResponseSerialization.m in Sources */,
				4BF801131DFED44300999C54 /* XMCenter.m in Sources */,
				4BF800D51DFED15C00999C54 /* ViewController.m in Sources */,
				4BF800D21DFED15C00999C54 /* AppDelegate.m in Sources */,
				4BF800CF1DFED15C00999C54 /* main.m in Sources */,
				4BF8010B1DFED2F200999C54 /* AFURLSessionManager.m in Sources */,
				4BF801051DFED2F200999C54 /* AFHTTPSessionManager.m in Sources */,
				4BF801161DFED49500999C54 /* XMEngine.m in Sources */,
				4BF801071DFED2F200999C54 /* AFNetworkReachabilityManager.m in Sources */,
				4BF801061DFED2F200999C54 /* AFNetworkActivityIndicatorManager.m in Sources */,
				4BF801091DFED2F200999C54 /* AFURLRequestSerialization.m in Sources */,
			);
			runOnlyForDeploymentPostprocessing = 0;
		};
		4BF800DF1DFED15C00999C54 /* Sources */ = {
			isa = PBXSourcesBuildPhase;
			buildActionMask = 2147483647;
			files = (
				4B92A52C1E1237BF0093EBD8 /* XMDownloadRequestTests.m in Sources */,
				4B92A52E1E123C5E0093EBD8 /* XMBatchRequestTests.m in Sources */,
				4B92A5321E123CC10093EBD8 /* XMCenterTests.m in Sources */,
				4B92A5241E10C6430093EBD8 /* XMTestCase.m in Sources */,
				4B92A5281E1214E80093EBD8 /* XMUploadRequestTests.m in Sources */,
				4B92A5301E123C800093EBD8 /* XMChainRequestTests.m in Sources */,
				4B92A5261E10E5720093EBD8 /* XMNormalRequestTests.m in Sources */,
			);
			runOnlyForDeploymentPostprocessing = 0;
		};
/* End PBXSourcesBuildPhase section */

/* Begin PBXTargetDependency section */
		4BF800E51DFED15C00999C54 /* PBXTargetDependency */ = {
			isa = PBXTargetDependency;
			target = 4BF800C91DFED15C00999C54 /* XMNetworkingDemo */;
			targetProxy = 4BF800E41DFED15C00999C54 /* PBXContainerItemProxy */;
		};
/* End PBXTargetDependency section */

/* Begin PBXVariantGroup section */
		4BF800D61DFED15C00999C54 /* Main.storyboard */ = {
			isa = PBXVariantGroup;
			children = (
				4BF800D71DFED15C00999C54 /* Base */,
			);
			name = Main.storyboard;
			sourceTree = "<group>";
		};
		4BF800DB1DFED15C00999C54 /* LaunchScreen.storyboard */ = {
			isa = PBXVariantGroup;
			children = (
				4BF800DC1DFED15C00999C54 /* Base */,
			);
			name = LaunchScreen.storyboard;
			sourceTree = "<group>";
		};
/* End PBXVariantGroup section */

/* Begin XCBuildConfiguration section */
		4BF800EA1DFED15C00999C54 /* Debug */ = {
			isa = XCBuildConfiguration;
			buildSettings = {
				ALWAYS_SEARCH_USER_PATHS = NO;
				CLANG_ANALYZER_NONNULL = YES;
				CLANG_CXX_LANGUAGE_STANDARD = "gnu++0x";
				CLANG_CXX_LIBRARY = "libc++";
				CLANG_ENABLE_MODULES = YES;
				CLANG_ENABLE_OBJC_ARC = YES;
				CLANG_WARN_BOOL_CONVERSION = YES;
				CLANG_WARN_CONSTANT_CONVERSION = YES;
				CLANG_WARN_DIRECT_OBJC_ISA_USAGE = YES_ERROR;
				CLANG_WARN_DOCUMENTATION_COMMENTS = YES;
				CLANG_WARN_EMPTY_BODY = YES;
				CLANG_WARN_ENUM_CONVERSION = YES;
				CLANG_WARN_INFINITE_RECURSION = YES;
				CLANG_WARN_INT_CONVERSION = YES;
				CLANG_WARN_OBJC_ROOT_CLASS = YES_ERROR;
				CLANG_WARN_SUSPICIOUS_MOVES = YES;
				CLANG_WARN_UNREACHABLE_CODE = YES;
				CLANG_WARN__DUPLICATE_METHOD_MATCH = YES;
				"CODE_SIGN_IDENTITY[sdk=iphoneos*]" = "iPhone Developer";
				COPY_PHASE_STRIP = NO;
				DEBUG_INFORMATION_FORMAT = dwarf;
				ENABLE_STRICT_OBJC_MSGSEND = YES;
				ENABLE_TESTABILITY = YES;
				GCC_C_LANGUAGE_STANDARD = gnu99;
				GCC_DYNAMIC_NO_PIC = NO;
				GCC_NO_COMMON_BLOCKS = YES;
				GCC_OPTIMIZATION_LEVEL = 0;
				GCC_PREPROCESSOR_DEFINITIONS = (
					"DEBUG=1",
					"$(inherited)",
				);
				GCC_WARN_64_TO_32_BIT_CONVERSION = YES;
				GCC_WARN_ABOUT_RETURN_TYPE = YES_ERROR;
				GCC_WARN_UNDECLARED_SELECTOR = YES;
				GCC_WARN_UNINITIALIZED_AUTOS = YES_AGGRESSIVE;
				GCC_WARN_UNUSED_FUNCTION = YES;
				GCC_WARN_UNUSED_VARIABLE = YES;
				IPHONEOS_DEPLOYMENT_TARGET = 8.0;
				MTL_ENABLE_DEBUG_INFO = YES;
				ONLY_ACTIVE_ARCH = YES;
				SDKROOT = iphoneos;
			};
			name = Debug;
		};
		4BF800EB1DFED15C00999C54 /* Release */ = {
			isa = XCBuildConfiguration;
			buildSettings = {
				ALWAYS_SEARCH_USER_PATHS = NO;
				CLANG_ANALYZER_NONNULL = YES;
				CLANG_CXX_LANGUAGE_STANDARD = "gnu++0x";
				CLANG_CXX_LIBRARY = "libc++";
				CLANG_ENABLE_MODULES = YES;
				CLANG_ENABLE_OBJC_ARC = YES;
				CLANG_WARN_BOOL_CONVERSION = YES;
				CLANG_WARN_CONSTANT_CONVERSION = YES;
				CLANG_WARN_DIRECT_OBJC_ISA_USAGE = YES_ERROR;
				CLANG_WARN_DOCUMENTATION_COMMENTS = YES;
				CLANG_WARN_EMPTY_BODY = YES;
				CLANG_WARN_ENUM_CONVERSION = YES;
				CLANG_WARN_INFINITE_RECURSION = YES;
				CLANG_WARN_INT_CONVERSION = YES;
				CLANG_WARN_OBJC_ROOT_CLASS = YES_ERROR;
				CLANG_WARN_SUSPICIOUS_MOVES = YES;
				CLANG_WARN_UNREACHABLE_CODE = YES;
				CLANG_WARN__DUPLICATE_METHOD_MATCH = YES;
				"CODE_SIGN_IDENTITY[sdk=iphoneos*]" = "iPhone Developer";
				COPY_PHASE_STRIP = NO;
				DEBUG_INFORMATION_FORMAT = "dwarf-with-dsym";
				ENABLE_NS_ASSERTIONS = NO;
				ENABLE_STRICT_OBJC_MSGSEND = YES;
				GCC_C_LANGUAGE_STANDARD = gnu99;
				GCC_NO_COMMON_BLOCKS = YES;
				GCC_WARN_64_TO_32_BIT_CONVERSION = YES;
				GCC_WARN_ABOUT_RETURN_TYPE = YES_ERROR;
				GCC_WARN_UNDECLARED_SELECTOR = YES;
				GCC_WARN_UNINITIALIZED_AUTOS = YES_AGGRESSIVE;
				GCC_WARN_UNUSED_FUNCTION = YES;
				GCC_WARN_UNUSED_VARIABLE = YES;
				IPHONEOS_DEPLOYMENT_TARGET = 8.0;
				MTL_ENABLE_DEBUG_INFO = NO;
				SDKROOT = iphoneos;
				VALIDATE_PRODUCT = YES;
			};
			name = Release;
		};
		4BF800ED1DFED15C00999C54 /* Debug */ = {
			isa = XCBuildConfiguration;
			buildSettings = {
				ASSETCATALOG_COMPILER_APPICON_NAME = AppIcon;
				DEVELOPMENT_TEAM = "";
				INFOPLIST_FILE = XMNetworkingDemo/Info.plist;
				LD_RUNPATH_SEARCH_PATHS = "$(inherited) @executable_path/Frameworks";
				PRODUCT_BUNDLE_IDENTIFIER = com.example.XMNetworking;
				PRODUCT_NAME = "$(TARGET_NAME)";
			};
			name = Debug;
		};
		4BF800EE1DFED15C00999C54 /* Release */ = {
			isa = XCBuildConfiguration;
			buildSettings = {
				ASSETCATALOG_COMPILER_APPICON_NAME = AppIcon;
				DEVELOPMENT_TEAM = "";
				INFOPLIST_FILE = XMNetworkingDemo/Info.plist;
				LD_RUNPATH_SEARCH_PATHS = "$(inherited) @executable_path/Frameworks";
				PRODUCT_BUNDLE_IDENTIFIER = com.example.XMNetworking;
				PRODUCT_NAME = "$(TARGET_NAME)";
			};
			name = Release;
		};
		4BF800F01DFED15C00999C54 /* Debug */ = {
			isa = XCBuildConfiguration;
			buildSettings = {
				BUNDLE_LOADER = "$(TEST_HOST)";
				INFOPLIST_FILE = XMNetworkingDemoTests/Info.plist;
				LD_RUNPATH_SEARCH_PATHS = "$(inherited) @executable_path/Frameworks @loader_path/Frameworks";
				PRODUCT_BUNDLE_IDENTIFIER = com.example.XMNetworkingDemoTests;
				PRODUCT_NAME = "$(TARGET_NAME)";
				TEST_HOST = "$(BUILT_PRODUCTS_DIR)/XMNetworkingDemo.app/XMNetworkingDemo";
			};
			name = Debug;
		};
		4BF800F11DFED15C00999C54 /* Release */ = {
			isa = XCBuildConfiguration;
			buildSettings = {
				BUNDLE_LOADER = "$(TEST_HOST)";
				INFOPLIST_FILE = XMNetworkingDemoTests/Info.plist;
				LD_RUNPATH_SEARCH_PATHS = "$(inherited) @executable_path/Frameworks @loader_path/Frameworks";
				PRODUCT_BUNDLE_IDENTIFIER = com.example.XMNetworkingDemoTests;
				PRODUCT_NAME = "$(TARGET_NAME)";
				TEST_HOST = "$(BUILT_PRODUCTS_DIR)/XMNetworkingDemo.app/XMNetworkingDemo";
			};
			name = Release;
		};
/* End XCBuildConfiguration section */

/* Begin XCConfigurationList section */
		4BF800C51DFED15C00999C54 /* Build configuration list for PBXProject "XMNetworkingDemo" */ = {
			isa = XCConfigurationList;
			buildConfigurations = (
				4BF800EA1DFED15C00999C54 /* Debug */,
				4BF800EB1DFED15C00999C54 /* Release */,
			);
			defaultConfigurationIsVisible = 0;
			defaultConfigurationName = Release;
		};
		4BF800EC1DFED15C00999C54 /* Build configuration list for PBXNativeTarget "XMNetworkingDemo" */ = {
			isa = XCConfigurationList;
			buildConfigurations = (
				4BF800ED1DFED15C00999C54 /* Debug */,
				4BF800EE1DFED15C00999C54 /* Release */,
			);
			defaultConfigurationIsVisible = 0;
			defaultConfigurationName = Release;
		};
		4BF800EF1DFED15C00999C54 /* Build configuration list for PBXNativeTarget "XMNetworkingDemoTests" */ = {
			isa = XCConfigurationList;
			buildConfigurations = (
				4BF800F01DFED15C00999C54 /* Debug */,
				4BF800F11DFED15C00999C54 /* Release */,
			);
			defaultConfigurationIsVisible = 0;
			defaultConfigurationName = Release;
		};
/* End XCConfigurationList section */
	};
	rootObject = 4BF800C21DFED15C00999C54 /* Project object */;
}
