// !$*UTF8*$!
{
	archiveVersion = 1;
	classes = {
	};
	objectVersion = 46;
	objects = {

/* Begin PBXBuildFile section */
		4B92A3A21E02FCAF0093EBD8 /* XMCenter.h in Headers */ = {isa = PBXBuildFile; fileRef = 4B92A38A1E02FCAF0093EBD8 /* XMCenter.h */; settings = {ATTRIBUTES = (Public, ); }; };
		4B92A3A31E02FCAF0093EBD8 /* XMCenter.m in Sources */ = {isa = PBXBuildFile; fileRef = 4B92A38B1E02FCAF0093EBD8 /* XMCenter.m */; };
		4B92A3A41E02FCAF0093EBD8 /* XMConst.h in Headers */ = {isa = PBXBuildFile; fileRef = 4B92A38C1E02FCAF0093EBD8 /* XMConst.h */; settings = {ATTRIBUTES = (Public, ); }; };
		4B92A3A51E02FCAF0093EBD8 /* XMEngine.h in Headers */ = {isa = PBXBuildFile; fileRef = 4B92A38D1E02FCAF0093EBD8 /* XMEngine.h */; settings = {ATTRIBUTES = (Public, ); }; };
		4B92A3A61E02FCAF0093EBD8 /* XMEngine.m in Sources */ = {isa = PBXBuildFile; fileRef = 4B92A38E1E02FCAF0093EBD8 /* XMEngine.m */; };
		4B92A3A71E02FCAF0093EBD8 /* XMRequest.h in Headers */ = {isa = PBXBuildFile; fileRef = 4B92A38F1E02FCAF0093EBD8 /* XMRequest.h */; settings = {ATTRIBUTES = (Public, ); }; };
		4B92A3A81E02FCAF0093EBD8 /* XMRequest.m in Sources */ = {isa = PBXBuildFile; fileRef = 4B92A3901E02FCAF0093EBD8 /* XMRequest.m */; };
		4B92A3A91E02FCAF0093EBD8 /* AFHTTPSessionManager.h in Headers */ = {isa = PBXBuildFile; fileRef = 4B92A3931E02FCAF0093EBD8 /* AFHTTPSessionManager.h */; settings = {ATTRIBUTES = (Public, ); }; };
		4B92A3AA1E02FCAF0093EBD8 /* AFHTTPSessionManager.m in Sources */ = {isa = PBXBuildFile; fileRef = 4B92A3941E02FCAF0093EBD8 /* AFHTTPSessionManager.m */; };
		4B92A3AB1E02FCAF0093EBD8 /* AFNetworkActivityIndicatorManager.h in Headers */ = {isa = PBXBuildFile; fileRef = 4B92A3951E02FCAF0093EBD8 /* AFNetworkActivityIndicatorManager.h */; settings = {ATTRIBUTES = (Public, ); }; };
		4B92A3AC1E02FCAF0093EBD8 /* AFNetworkActivityIndicatorManager.m in Sources */ = {isa = PBXBuildFile; fileRef = 4B92A3961E02FCAF0093EBD8 /* AFNetworkActivityIndicatorManager.m */; };
		4B92A3AD1E02FCAF0093EBD8 /* AFNetworking.h in Headers */ = {isa = PBXBuildFile; fileRef = 4B92A3971E02FCAF0093EBD8 /* AFNetworking.h */; };
		4B92A3AE1E02FCAF0093EBD8 /* AFNetworkReachabilityManager.h in Headers */ = {isa = PBXBuildFile; fileRef = 4B92A3981E02FCAF0093EBD8 /* AFNetworkReachabilityManager.h */; settings = {ATTRIBUTES = (Public, ); }; };
		4B92A3AF1E02FCAF0093EBD8 /* AFNetworkReachabilityManager.m in Sources */ = {isa = PBXBuildFile; fileRef = 4B92A3991E02FCAF0093EBD8 /* AFNetworkReachabilityManager.m */; };
		4B92A3B01E02FCAF0093EBD8 /* AFSecurityPolicy.h in Headers */ = {isa = PBXBuildFile; fileRef = 4B92A39A1E02FCAF0093EBD8 /* AFSecurityPolicy.h */; settings = {ATTRIBUTES = (Public, ); }; };
		4B92A3B11E02FCAF0093EBD8 /* AFSecurityPolicy.m in Sources */ = {isa = PBXBuildFile; fileRef = 4B92A39B1E02FCAF0093EBD8 /* AFSecurityPolicy.m */; };
		4B92A3B21E02FCAF0093EBD8 /* AFURLRequestSerialization.h in Headers */ = {isa = PBXBuildFile; fileRef = 4B92A39C1E02FCAF0093EBD8 /* AFURLRequestSerialization.h */; settings = {ATTRIBUTES = (Public, ); }; };
		4B92A3B31E02FCAF0093EBD8 /* AFURLRequestSerialization.m in Sources */ = {isa = PBXBuildFile; fileRef = 4B92A39D1E02FCAF0093EBD8 /* AFURLRequestSerialization.m */; };
		4B92A3B41E02FCAF0093EBD8 /* AFURLResponseSerialization.h in Headers */ = {isa = PBXBuildFile; fileRef = 4B92A39E1E02FCAF0093EBD8 /* AFURLResponseSerialization.h */; settings = {ATTRIBUTES = (Public, ); }; };
		4B92A3B51E02FCAF0093EBD8 /* AFURLResponseSerialization.m in Sources */ = {isa = PBXBuildFile; fileRef = 4B92A39F1E02FCAF0093EBD8 /* AFURLResponseSerialization.m */; };
		4B92A3B61E02FCAF0093EBD8 /* AFURLSessionManager.h in Headers */ = {isa = PBXBuildFile; fileRef = 4B92A3A01E02FCAF0093EBD8 /* AFURLSessionManager.h */; settings = {ATTRIBUTES = (Public, ); }; };
		4B92A3B71E02FCAF0093EBD8 /* AFURLSessionManager.m in Sources */ = {isa = PBXBuildFile; fileRef = 4B92A3A11E02FCAF0093EBD8 /* AFURLSessionManager.m */; };
		4BF09EF31E02FB4300CAC1AF /* XMNetworking.h in Headers */ = {isa = PBXBuildFile; fileRef = 4BF09EF11E02FB4300CAC1AF /* XMNetworking.h */; settings = {ATTRIBUTES = (Public, ); }; };
/* End PBXBuildFile section */

/* Begin PBXFileReference section */
		4B92A38A1E02FCAF0093EBD8 /* XMCenter.h */ = {isa = PBXFileReference; fileEncoding = 4; lastKnownFileType = sourcecode.c.h; path = XMCenter.h; sourceTree = "<group>"; };
		4B92A38B1E02FCAF0093EBD8 /* XMCenter.m */ = {isa = PBXFileReference; fileEncoding = 4; lastKnownFileType = sourcecode.c.objc; path = XMCenter.m; sourceTree = "<group>"; };
		4B92A38C1E02FCAF0093EBD8 /* XMConst.h */ = {isa = PBXFileReference; fileEncoding = 4; lastKnownFileType = sourcecode.c.h; path = XMConst.h; sourceTree = "<group>"; };
		4B92A38D1E02FCAF0093EBD8 /* XMEngine.h */ = {isa = PBXFileReference; fileEncoding = 4; lastKnownFileType = sourcecode.c.h; path = XMEngine.h; sourceTree = "<group>"; };
		4B92A38E1E02FCAF0093EBD8 /* XMEngine.m */ = {isa = PBXFileReference; fileEncoding = 4; lastKnownFileType = sourcecode.c.objc; path = XMEngine.m; sourceTree = "<group>"; };
		4B92A38F1E02FCAF0093EBD8 /* XMRequest.h */ = {isa = PBXFileReference; fileEncoding = 4; lastKnownFileType = sourcecode.c.h; path = XMRequest.h; sourceTree = "<group>"; };
		4B92A3901E02FCAF0093EBD8 /* XMRequest.m */ = {isa = PBXFileReference; fileEncoding = 4; lastKnownFileType = sourcecode.c.objc; path = XMRequest.m; sourceTree = "<group>"; };
		4B92A3931E02FCAF0093EBD8 /* AFHTTPSessionManager.h */ = {isa = PBXFileReference; fileEncoding = 4; lastKnownFileType = sourcecode.c.h; path = AFHTTPSessionManager.h; sourceTree = "<group>"; };
		4B92A3941E02FCAF0093EBD8 /* AFHTTPSessionManager.m */ = {isa = PBXFileReference; fileEncoding = 4; lastKnownFileType = sourcecode.c.objc; path = AFHTTPSessionManager.m; sourceTree = "<group>"; };
		4B92A3951E02FCAF0093EBD8 /* AFNetworkActivityIndicatorManager.h */ = {isa = PBXFileReference; fileEncoding = 4; lastKnownFileType = sourcecode.c.h; path = AFNetworkActivityIndicatorManager.h; sourceTree = "<group>"; };
		4B92A3961E02FCAF0093EBD8 /* AFNetworkActivityIndicatorManager.m */ = {isa = PBXFileReference; fileEncoding = 4; lastKnownFileType = sourcecode.c.objc; path = AFNetworkActivityIndicatorManager.m; sourceTree = "<group>"; };
		4B92A3971E02FCAF0093EBD8 /* AFNetworking.h */ = {isa = PBXFileReference; fileEncoding = 4; lastKnownFileType = sourcecode.c.h; path = AFNetworking.h; sourceTree = "<group>"; };
		4B92A3981E02FCAF0093EBD8 /* AFNetworkReachabilityManager.h */ = {isa = PBXFileReference; fileEncoding = 4; lastKnownFileType = sourcecode.c.h; path = AFNetworkReachabilityManager.h; sourceTree = "<group>"; };
		4B92A3991E02FCAF0093EBD8 /* AFNetworkReachabilityManager.m */ = {isa = PBXFileReference; fileEncoding = 4; lastKnownFileType = sourcecode.c.objc; path = AFNetworkReachabilityManager.m; sourceTree = "<group>"; };
		4B92A39A1E02FCAF0093EBD8 /* AFSecurityPolicy.h */ = {isa = PBXFileReference; fileEncoding = 4; lastKnownFileType = sourcecode.c.h; path = AFSecurityPolicy.h; sourceTree = "<group>"; };
		4B92A39B1E02FCAF0093EBD8 /* AFSecurityPolicy.m */ = {isa = PBXFileReference; fileEncoding = 4; lastKnownFileType = sourcecode.c.objc; path = AFSecurityPolicy.m; sourceTree = "<group>"; };
		4B92A39C1E02FCAF0093EBD8 /* AFURLRequestSerialization.h */ = {isa = PBXFileReference; fileEncoding = 4; lastKnownFileType = sourcecode.c.h; path = AFURLRequestSerialization.h; sourceTree = "<group>"; };
		4B92A39D1E02FCAF0093EBD8 /* AFURLRequestSerialization.m */ = {isa = PBXFileReference; fileEncoding = 4; lastKnownFileType = sourcecode.c.objc; path = AFURLRequestSerialization.m; sourceTree = "<group>"; };
		4B92A39E1E02FCAF0093EBD8 /* AFURLResponseSerialization.h */ = {isa = PBXFileReference; fileEncoding = 4; lastKnownFileType = sourcecode.c.h; path = AFURLResponseSerialization.h; sourceTree = "<group>"; };
		4B92A39F1E02FCAF0093EBD8 /* AFURLResponseSerialization.m */ = {isa = PBXFileReference; fileEncoding = 4; lastKnownFileType = sourcecode.c.objc; path = AFURLResponseSerialization.m; sourceTree = "<group>"; };
		4B92A3A01E02FCAF0093EBD8 /* AFURLSessionManager.h */ = {isa = PBXFileReference; fileEncoding = 4; lastKnownFileType = sourcecode.c.h; path = AFURLSessionManager.h; sourceTree = "<group>"; };
		4B92A3A11E02FCAF0093EBD8 /* AFURLSessionManager.m */ = {isa = PBXFileReference; fileEncoding = 4; lastKnownFileType = sourcecode.c.objc; path = AFURLSessionManager.m; sourceTree = "<group>"; };
		4BF09EEE1E02FB4300CAC1AF /* XMNetworking.framework */ = {isa = PBXFileReference; explicitFileType = wrapper.framework; includeInIndex = 0; path = XMNetworking.framework; sourceTree = BUILT_PRODUCTS_DIR; };
		4BF09EF11E02FB4300CAC1AF /* XMNetworking.h */ = {isa = PBXFileReference; lastKnownFileType = sourcecode.c.h; path = XMNetworking.h; sourceTree = "<group>"; };
		4BF09EF21E02FB4300CAC1AF /* Info.plist */ = {isa = PBXFileReference; lastKnownFileType = text.plist.xml; path = Info.plist; sourceTree = "<group>"; };
/* End PBXFileReference section */

/* Begin PBXFrameworksBuildPhase section */
		4BF09EEA1E02FB4300CAC1AF /* Frameworks */ = {
			isa = PBXFrameworksBuildPhase;
			buildActionMask = 2147483647;
			files = (
			);
			runOnlyForDeploymentPostprocessing = 0;
		};
/* End PBXFrameworksBuildPhase section */

/* Begin PBXGroup section */
		4B92A3891E02FCAF0093EBD8 /* Core */ = {
			isa = PBXGroup;
			children = (
				4B92A38C1E02FCAF0093EBD8 /* XMConst.h */,
				4B92A38F1E02FCAF0093EBD8 /* XMRequest.h */,
				4B92A3901E02FCAF0093EBD8 /* XMRequest.m */,
				4B92A38A1E02FCAF0093EBD8 /* XMCenter.h */,
				4B92A38B1E02FCAF0093EBD8 /* XMCenter.m */,
				4B92A38D1E02FCAF0093EBD8 /* XMEngine.h */,
				4B92A38E1E02FCAF0093EBD8 /* XMEngine.m */,
			);
			name = Core;
			path = ../../XMNetworking/Core;
			sourceTree = "<group>";
		};
		4B92A3911E02FCAF0093EBD8 /* Lib */ = {
			isa = PBXGroup;
			children = (
				4B92A3921E02FCAF0093EBD8 /* AFNetworking-3.1.0 */,
			);
			name = Lib;
			path = ../../XMNetworking/Lib;
			sourceTree = "<group>";
		};
		4B92A3921E02FCAF0093EBD8 /* AFNetworking-3.1.0 */ = {
			isa = PBXGroup;
			children = (
				4B92A3931E02FCAF0093EBD8 /* AFHTTPSessionManager.h */,
				4B92A3941E02FCAF0093EBD8 /* AFHTTPSessionManager.m */,
				4B92A3951E02FCAF0093EBD8 /* AFNetworkActivityIndicatorManager.h */,
				4B92A3961E02FCAF0093EBD8 /* AFNetworkActivityIndicatorManager.m */,
				4B92A3971E02FCAF0093EBD8 /* AFNetworking.h */,
				4B92A3981E02FCAF0093EBD8 /* AFNetworkReachabilityManager.h */,
				4B92A3991E02FCAF0093EBD8 /* AFNetworkReachabilityManager.m */,
				4B92A39A1E02FCAF0093EBD8 /* AFSecurityPolicy.h */,
				4B92A39B1E02FCAF0093EBD8 /* AFSecurityPolicy.m */,
				4B92A39C1E02FCAF0093EBD8 /* AFURLRequestSerialization.h */,
				4B92A39D1E02FCAF0093EBD8 /* AFURLRequestSerialization.m */,
				4B92A39E1E02FCAF0093EBD8 /* AFURLResponseSerialization.h */,
				4B92A39F1E02FCAF0093EBD8 /* AFURLResponseSerialization.m */,
				4B92A3A01E02FCAF0093EBD8 /* AFURLSessionManager.h */,
				4B92A3A11E02FCAF0093EBD8 /* AFURLSessionManager.m */,
			);
			path = "AFNetworking-3.1.0";
			sourceTree = "<group>";
		};
		4BF09EE41E02FB4300CAC1AF = {
			isa = PBXGroup;
			children = (
				4BF09EF01E02FB4300CAC1AF /* XMNetworking */,
				4BF09EEF1E02FB4300CAC1AF /* Products */,
			);
			sourceTree = "<group>";
		};
		4BF09EEF1E02FB4300CAC1AF /* Products */ = {
			isa = PBXGroup;
			children = (
				4BF09EEE1E02FB4300CAC1AF /* XMNetworking.framework */,
			);
			name = Products;
			sourceTree = "<group>";
		};
		4BF09EF01E02FB4300CAC1AF /* XMNetworking */ = {
			isa = PBXGroup;
			children = (
				4BF09EF21E02FB4300CAC1AF /* Info.plist */,
				4BF09EF11E02FB4300CAC1AF /* XMNetworking.h */,
				4B92A3891E02FCAF0093EBD8 /* Core */,
				4B92A3911E02FCAF0093EBD8 /* Lib */,
			);
			path = XMNetworking;
			sourceTree = "<group>";
		};
/* End PBXGroup section */

/* Begin PBXHeadersBuildPhase section */
		4BF09EEB1E02FB4300CAC1AF /* Headers */ = {
			isa = PBXHeadersBuildPhase;
			buildActionMask = 2147483647;
			files = (
				4B92A3A41E02FCAF0093EBD8 /* XMConst.h in Headers */,
				4B92A3A71E02FCAF0093EBD8 /* XMRequest.h in Headers */,
				4B92A3A21E02FCAF0093EBD8 /* XMCenter.h in Headers */,
				4B92A3A51E02FCAF0093EBD8 /* XMEngine.h in Headers */,
				4BF09EF31E02FB4300CAC1AF /* XMNetworking.h in Headers */,
				4B92A3B21E02FCAF0093EBD8 /* AFURLRequestSerialization.h in Headers */,
				4B92A3AE1E02FCAF0093EBD8 /* AFNetworkReachabilityManager.h in Headers */,
				4B92A3B01E02FCAF0093EBD8 /* AFSecurityPolicy.h in Headers */,
				4B92A3AB1E02FCAF0093EBD8 /* AFNetworkActivityIndicatorManager.h in Headers */,
				4B92A3B61E02FCAF0093EBD8 /* AFURLSessionManager.h in Headers */,
				4B92A3A91E02FCAF0093EBD8 /* AFHTTPSessionManager.h in Headers */,
				4B92A3B41E02FCAF0093EBD8 /* AFURLResponseSerialization.h in Headers */,
				4B92A3AD1E02FCAF0093EBD8 /* AFNetworking.h in Headers */,
			);
			runOnlyForDeploymentPostprocessing = 0;
		};
/* End PBXHeadersBuildPhase section */

/* Begin PBXNativeTarget section */
		4BF09EED1E02FB4300CAC1AF /* XMNetworking */ = {
			isa = PBXNativeTarget;
			buildConfigurationList = 4BF09EF61E02FB4300CAC1AF /* Build configuration list for PBXNativeTarget "XMNetworking" */;
			buildPhases = (
				4BF09EE91E02FB4300CAC1AF /* Sources */,
				4BF09EEA1E02FB4300CAC1AF /* Frameworks */,
				4BF09EEB1E02FB4300CAC1AF /* Headers */,
				4BF09EEC1E02FB4300CAC1AF /* Resources */,
			);
			buildRules = (
			);
			dependencies = (
			);
			name = XMNetworking;
			productName = XMNetworking;
			productReference = 4BF09EEE1E02FB4300CAC1AF /* XMNetworking.framework */;
			productType = "com.apple.product-type.framework";
		};
/* End PBXNativeTarget section */

/* Begin PBXProject section */
		4BF09EE51E02FB4300CAC1AF /* Project object */ = {
			isa = PBXProject;
			attributes = {
				LastUpgradeCheck = 0820;
				ORGANIZATIONNAME = XMNetworking;
				TargetAttributes = {
					4BF09EED1E02FB4300CAC1AF = {
						CreatedOnToolsVersion = 8.1;
						ProvisioningStyle = Automatic;
					};
				};
			};
			buildConfigurationList = 4BF09EE81E02FB4300CAC1AF /* Build configuration list for PBXProject "XMNetworking" */;
			compatibilityVersion = "Xcode 3.2";
			developmentRegion = English;
			hasScannedForEncodings = 0;
			knownRegions = (
				en,
			);
			mainGroup = 4BF09EE41E02FB4300CAC1AF;
			productRefGroup = 4BF09EEF1E02FB4300CAC1AF /* Products */;
			projectDirPath = "";
			projectRoot = "";
			targets = (
				4BF09EED1E02FB4300CAC1AF /* XMNetworking */,
			);
		};
/* End PBXProject section */

/* Begin PBXResourcesBuildPhase section */
		4BF09EEC1E02FB4300CAC1AF /* Resources */ = {
			isa = PBXResourcesBuildPhase;
			buildActionMask = 2147483647;
			files = (
			);
			runOnlyForDeploymentPostprocessing = 0;
		};
/* End PBXResourcesBuildPhase section */

/* Begin PBXSourcesBuildPhase section */
		4BF09EE91E02FB4300CAC1AF /* Sources */ = {
			isa = PBXSourcesBuildPhase;
			buildActionMask = 2147483647;
			files = (
				4B92A3B11E02FCAF0093EBD8 /* AFSecurityPolicy.m in Sources */,
				4B92A3B51E02FCAF0093EBD8 /* AFURLResponseSerialization.m in Sources */,
				4B92A3A81E02FCAF0093EBD8 /* XMRequest.m in Sources */,
				4B92A3A61E02FCAF0093EBD8 /* XMEngine.m in Sources */,
				4B92A3A31E02FCAF0093EBD8 /* XMCenter.m in Sources */,
				4B92A3B71E02FCAF0093EBD8 /* AFURLSessionManager.m in Sources */,
				4B92A3AA1E02FCAF0093EBD8 /* AFHTTPSessionManager.m in Sources */,
				4B92A3AF1E02FCAF0093EBD8 /* AFNetworkReachabilityManager.m in Sources */,
				4B92A3AC1E02FCAF0093EBD8 /* AFNetworkActivityIndicatorManager.m in Sources */,
				4B92A3B31E02FCAF0093EBD8 /* AFURLRequestSerialization.m in Sources */,
			);
			runOnlyForDeploymentPostprocessing = 0;
		};
/* End PBXSourcesBuildPhase section */

/* Begin XCBuildConfiguration section */
		4BF09EF41E02FB4300CAC1AF /* Debug */ = {
			isa = XCBuildConfiguration;
			buildSettings = {
				ALWAYS_SEARCH_USER_PATHS = NO;
				CLANG_ANALYZER_NONNULL = YES;
				CLANG_CXX_LANGUAGE_STANDARD = "gnu++0x";
				CLANG_CXX_LIBRARY = "libc++";
				CLANG_ENABLE_MODULES = YES;
				CLANG_ENABLE_OBJC_ARC = YES;
				CLANG_WARN_BOOL_CONVERSION = YES;
				CLANG_WARN_CONSTANT_CONVERSION = YES;
				CLANG_WARN_DIRECT_OBJC_ISA_USAGE = YES_ERROR;
				CLANG_WARN_DOCUMENTATION_COMMENTS = YES;
				CLANG_WARN_EMPTY_BODY = YES;
				CLANG_WARN_ENUM_CONVERSION = YES;
				CLANG_WARN_INFINITE_RECURSION = YES;
				CLANG_WARN_INT_CONVERSION = YES;
				CLANG_WARN_OBJC_ROOT_CLASS = YES_ERROR;
				CLANG_WARN_SUSPICIOUS_MOVE = YES;
				CLANG_WARN_SUSPICIOUS_MOVES = YES;
				CLANG_WARN_UNREACHABLE_CODE = YES;
				CLANG_WARN__DUPLICATE_METHOD_MATCH = YES;
				"CODE_SIGN_IDENTITY[sdk=iphoneos*]" = "iPhone Developer";
				COPY_PHASE_STRIP = NO;
				CURRENT_PROJECT_VERSION = 1;
				DEBUG_INFORMATION_FORMAT = dwarf;
				ENABLE_STRICT_OBJC_MSGSEND = YES;
				ENABLE_TESTABILITY = YES;
				GCC_C_LANGUAGE_STANDARD = gnu99;
				GCC_DYNAMIC_NO_PIC = NO;
				GCC_NO_COMMON_BLOCKS = YES;
				GCC_OPTIMIZATION_LEVEL = 0;
				GCC_PREPROCESSOR_DEFINITIONS = (
					"DEBUG=1",
					"$(inherited)",
				);
				GCC_WARN_64_TO_32_BIT_CONVERSION = YES;
				GCC_WARN_ABOUT_RETURN_TYPE = YES_ERROR;
				GCC_WARN_UNDECLARED_SELECTOR = YES;
				GCC_WARN_UNINITIALIZED_AUTOS = YES_AGGRESSIVE;
				GCC_WARN_UNUSED_FUNCTION = YES;
				GCC_WARN_UNUSED_VARIABLE = YES;
				IPHONEOS_DEPLOYMENT_TARGET = 8.0;
				MTL_ENABLE_DEBUG_INFO = YES;
				ONLY_ACTIVE_ARCH = YES;
				SDKROOT = iphoneos;
				TARGETED_DEVICE_FAMILY = "1,2";
				VERSIONING_SYSTEM = "apple-generic";
				VERSION_INFO_PREFIX = "";
			};
			name = Debug;
		};
		4BF09EF51E02FB4300CAC1AF /* Release */ = {
			isa = XCBuildConfiguration;
			buildSettings = {
				ALWAYS_SEARCH_USER_PATHS = NO;
				CLANG_ANALYZER_NONNULL = YES;
				CLANG_CXX_LANGUAGE_STANDARD = "gnu++0x";
				CLANG_CXX_LIBRARY = "libc++";
				CLANG_ENABLE_MODULES = YES;
				CLANG_ENABLE_OBJC_ARC = YES;
				CLANG_WARN_BOOL_CONVERSION = YES;
				CLANG_WARN_CONSTANT_CONVERSION = YES;
				CLANG_WARN_DIRECT_OBJC_ISA_USAGE = YES_ERROR;
				CLANG_WARN_DOCUMENTATION_COMMENTS = YES;
				CLANG_WARN_EMPTY_BODY = YES;
				CLANG_WARN_ENUM_CONVERSION = YES;
				CLANG_WARN_INFINITE_RECURSION = YES;
				CLANG_WARN_INT_CONVERSION = YES;
				CLANG_WARN_OBJC_ROOT_CLASS = YES_ERROR;
				CLANG_WARN_SUSPICIOUS_MOVE = YES;
				CLANG_WARN_SUSPICIOUS_MOVES = YES;
				CLANG_WARN_UNREACHABLE_CODE = YES;
				CLANG_WARN__DUPLICATE_METHOD_MATCH = YES;
				"CODE_SIGN_IDENTITY[sdk=iphoneos*]" = "iPhone Developer";
				COPY_PHASE_STRIP = NO;
				CURRENT_PROJECT_VERSION = 1;
				DEBUG_INFORMATION_FORMAT = "dwarf-with-dsym";
				ENABLE_NS_ASSERTIONS = NO;
				ENABLE_STRICT_OBJC_MSGSEND = YES;
				GCC_C_LANGUAGE_STANDARD = gnu99;
				GCC_NO_COMMON_BLOCKS = YES;
				GCC_WARN_64_TO_32_BIT_CONVERSION = YES;
				GCC_WARN_ABOUT_RETURN_TYPE = YES_ERROR;
				GCC_WARN_UNDECLARED_SELECTOR = YES;
				GCC_WARN_UNINITIALIZED_AUTOS = YES_AGGRESSIVE;
				GCC_WARN_UNUSED_FUNCTION = YES;
				GCC_WARN_UNUSED_VARIABLE = YES;
				IPHONEOS_DEPLOYMENT_TARGET = 8.0;
				MTL_ENABLE_DEBUG_INFO = NO;
				SDKROOT = iphoneos;
				TARGETED_DEVICE_FAMILY = "1,2";
				VALIDATE_PRODUCT = YES;
				VERSIONING_SYSTEM = "apple-generic";
				VERSION_INFO_PREFIX = "";
			};
			name = Release;
		};
		4BF09EF71E02FB4300CAC1AF /* Debug */ = {
			isa = XCBuildConfiguration;
			buildSettings = {
				CODE_SIGN_IDENTITY = "";
				DEFINES_MODULE = YES;
				DYLIB_COMPATIBILITY_VERSION = 1;
				DYLIB_CURRENT_VERSION = 1;
				DYLIB_INSTALL_NAME_BASE = "@rpath";
				INFOPLIST_FILE = XMNetworking/Info.plist;
				INSTALL_PATH = "$(LOCAL_LIBRARY_DIR)/Frameworks";
				IPHONEOS_DEPLOYMENT_TARGET = 8.0;
				LD_RUNPATH_SEARCH_PATHS = "$(inherited) @executable_path/Frameworks @loader_path/Frameworks";
				PRODUCT_BUNDLE_IDENTIFIER = com.example.XMNetworking;
				PRODUCT_NAME = "$(TARGET_NAME)";
				SKIP_INSTALL = YES;
			};
			name = Debug;
		};
		4BF09EF81E02FB4300CAC1AF /* Release */ = {
			isa = XCBuildConfiguration;
			buildSettings = {
				CODE_SIGN_IDENTITY = "";
				DEFINES_MODULE = YES;
				DYLIB_COMPATIBILITY_VERSION = 1;
				DYLIB_CURRENT_VERSION = 1;
				DYLIB_INSTALL_NAME_BASE = "@rpath";
				INFOPLIST_FILE = XMNetworking/Info.plist;
				INSTALL_PATH = "$(LOCAL_LIBRARY_DIR)/Frameworks";
				IPHONEOS_DEPLOYMENT_TARGET = 8.0;
				LD_RUNPATH_SEARCH_PATHS = "$(inherited) @executable_path/Frameworks @loader_path/Frameworks";
				PRODUCT_BUNDLE_IDENTIFIER = com.example.XMNetworking;
				PRODUCT_NAME = "$(TARGET_NAME)";
				SKIP_INSTALL = YES;
			};
			name = Release;
		};
/* End XCBuildConfiguration section */

/* Begin XCConfigurationList section */
		4BF09EE81E02FB4300CAC1AF /* Build configuration list for PBXProject "XMNetworking" */ = {
			isa = XCConfigurationList;
			buildConfigurations = (
				4BF09EF41E02FB4300CAC1AF /* Debug */,
				4BF09EF51E02FB4300CAC1AF /* Release */,
			);
			defaultConfigurationIsVisible = 0;
			defaultConfigurationName = Release;
		};
		4BF09EF61E02FB4300CAC1AF /* Build configuration list for PBXNativeTarget "XMNetworking" */ = {
			isa = XCConfigurationList;
			buildConfigurations = (
				4BF09EF71E02FB4300CAC1AF /* Debug */,
				4BF09EF81E02FB4300CAC1AF /* Release */,
			);
			defaultConfigurationIsVisible = 0;
			defaultConfigurationName = Release;
		};
/* End XCConfigurationList section */
	};
	rootObject = 4BF09EE51E02FB4300CAC1AF /* Project object */;
}
